
Microsoft Visual Studio Solution File, Format Version 12.00
# Visual Studio Version 16
VisualStudioVersion = 16.0.810.11
MinimumVisualStudioVersion = 10.0.40219.1
Project("{FAE04EC0-301F-11D3-BF4B-00C04F79EFBC}") = "KasaStreamer", "KasaStreamer\KasaStreamer.csproj", "{D27BEE64-B740-4C35-9E28-E81B9D84D18A}"
EndProject
Global
	GlobalSection(SolutionConfigurationPlatforms) = preSolution
		Debug|Any CPU = Debug|Any CPU
		Release|Any CPU = Release|Any CPU
	EndGlobalSection
	GlobalSection(ProjectConfigurationPlatforms) = postSolution
		{D27BEE64-B740-4C35-9E28-E81B9D84D18A}.Debug|Any CPU.ActiveCfg = Debug|Any CPU
		{D27BEE64-B740-4C35-9E28-E81B9D84D18A}.Debug|Any CPU.Build.0 = Debug|Any CPU
		{D27BEE64-B740-4C35-9E28-E81B9D84D18A}.Release|Any CPU.ActiveCfg = Release|Any CPU
		{D27BEE64-B740-4C35-9E28-E81B9D84D18A}.Release|Any CPU.Build.0 = Release|Any CPU
	EndGlobalSection
	GlobalSection(SolutionProperties) = preSolution
		HideSolutionNode = FALSE
	EndGlobalSection
	GlobalSection(ExtensibilityGlobals) = postSolution
		SolutionGuid = {7279A09C-9534-4BCD-A800-01E1AB60950E}
	EndGlobalSection
EndGlobal
